
Microsoft Visual Studio Solution File, Format Version 12.00
Project("{2150E333-8FDC-42A3-9474-1A3956D46DE8}") = "src", "src", "{F18F43F4-A7AE-4C8C-ADD4-EDF9635F53B3}"
EndProject
Project("{FAE04EC0-301F-11D3-BF4B-00C04F79EFBC}") = "Connectius.Domain", "Connectius.Domain\Connectius.Domain.csproj", "{445E8E46-B692-4D4A-9553-E1E795A1958A}"
EndProject
Project("{FAE04EC0-301F-11D3-BF4B-00C04F79EFBC}") = "Connectius.Application", "Connectius.Application\Connectius.Application.csproj", "{D8760157-B109-4678-A272-99F16C330F14}"
EndProject
Project("{FAE04EC0-301F-11D3-BF4B-00C04F79EFBC}") = "Connectius.Infrastructure", "Connectius.Infrastructure\Connectius.Infrastructure.csproj", "{8211A2D9-2AD7-46D2-AF5B-6BA6188E3D40}"
EndProject
Project("{FAE04EC0-301F-11D3-BF4B-00C04F79EFBC}") = "Connectius.WebUI", "Connectius.WebUI\Connectius.WebUI.csproj", "{A7EA7E8C-F717-4886-BE09-C9FB5415FCC9}"
EndProject
Project("{2150E333-8FDC-42A3-9474-1A3956D46DE8}") = "tests", "tests", "{9F2D64F6-4D74-47C6-AFC9-F172D75D7C08}"
EndProject
Project("{FAE04EC0-301F-11D3-BF4B-00C04F79EFBC}") = "Connectius.Test", "Connectius.Test\Connectius.Test.csproj", "{284CB4DC-433C-41C1-9683-8DF030AD9A8D}"
EndProject
Global
	GlobalSection(SolutionConfigurationPlatforms) = preSolution
		Debug|Any CPU = Debug|Any CPU
		Release|Any CPU = Release|Any CPU
	EndGlobalSection
	GlobalSection(NestedProjects) = preSolution
		{445E8E46-B692-4D4A-9553-E1E795A1958A} = {F18F43F4-A7AE-4C8C-ADD4-EDF9635F53B3}
		{D8760157-B109-4678-A272-99F16C330F14} = {F18F43F4-A7AE-4C8C-ADD4-EDF9635F53B3}
		{8211A2D9-2AD7-46D2-AF5B-6BA6188E3D40} = {F18F43F4-A7AE-4C8C-ADD4-EDF9635F53B3}
		{A7EA7E8C-F717-4886-BE09-C9FB5415FCC9} = {F18F43F4-A7AE-4C8C-ADD4-EDF9635F53B3}
		{284CB4DC-433C-41C1-9683-8DF030AD9A8D} = {9F2D64F6-4D74-47C6-AFC9-F172D75D7C08}
	EndGlobalSection
	GlobalSection(ProjectConfigurationPlatforms) = postSolution
		{445E8E46-B692-4D4A-9553-E1E795A1958A}.Debug|Any CPU.ActiveCfg = Debug|Any CPU
		{445E8E46-B692-4D4A-9553-E1E795A1958A}.Debug|Any CPU.Build.0 = Debug|Any CPU
		{445E8E46-B692-4D4A-9553-E1E795A1958A}.Release|Any CPU.ActiveCfg = Release|Any CPU
		{445E8E46-B692-4D4A-9553-E1E795A1958A}.Release|Any CPU.Build.0 = Release|Any CPU
		{D8760157-B109-4678-A272-99F16C330F14}.Debug|Any CPU.ActiveCfg = Debug|Any CPU
		{D8760157-B109-4678-A272-99F16C330F14}.Debug|Any CPU.Build.0 = Debug|Any CPU
		{D8760157-B109-4678-A272-99F16C330F14}.Release|Any CPU.ActiveCfg = Release|Any CPU
		{D8760157-B109-4678-A272-99F16C330F14}.Release|Any CPU.Build.0 = Release|Any CPU
		{8211A2D9-2AD7-46D2-AF5B-6BA6188E3D40}.Debug|Any CPU.ActiveCfg = Debug|Any CPU
		{8211A2D9-2AD7-46D2-AF5B-6BA6188E3D40}.Debug|Any CPU.Build.0 = Debug|Any CPU
		{8211A2D9-2AD7-46D2-AF5B-6BA6188E3D40}.Release|Any CPU.ActiveCfg = Release|Any CPU
		{8211A2D9-2AD7-46D2-AF5B-6BA6188E3D40}.Release|Any CPU.Build.0 = Release|Any CPU
		{A7EA7E8C-F717-4886-BE09-C9FB5415FCC9}.Debug|Any CPU.ActiveCfg = Debug|Any CPU
		{A7EA7E8C-F717-4886-BE09-C9FB5415FCC9}.Debug|Any CPU.Build.0 = Debug|Any CPU
		{A7EA7E8C-F717-4886-BE09-C9FB5415FCC9}.Release|Any CPU.ActiveCfg = Release|Any CPU
		{A7EA7E8C-F717-4886-BE09-C9FB5415FCC9}.Release|Any CPU.Build.0 = Release|Any CPU
		{284CB4DC-433C-41C1-9683-8DF030AD9A8D}.Debug|Any CPU.ActiveCfg = Debug|Any CPU
		{284CB4DC-433C-41C1-9683-8DF030AD9A8D}.Debug|Any CPU.Build.0 = Debug|Any CPU
		{284CB4DC-433C-41C1-9683-8DF030AD9A8D}.Release|Any CPU.ActiveCfg = Release|Any CPU
		{284CB4DC-433C-41C1-9683-8DF030AD9A8D}.Release|Any CPU.Build.0 = Release|Any CPU
	EndGlobalSection
EndGlobal
